// !$*UTF8*$!
{
	archiveVersion = 1;
	classes = {
	};
	objectVersion = 56;
	objects = {

/* Begin PBXBuildFile section */
		2421B46D2AC3402500EA121A /* api.swift in Sources */ = {isa = PBXBuildFile; fileRef = 2421B46C2AC3402500EA121A /* api.swift */; };
		2421B46F2AC3435E00EA121A /* ViewModel.swift in Sources */ = {isa = PBXBuildFile; fileRef = 2421B46E2AC3435E00EA121A /* ViewModel.swift */; };
		2470E9D52AC695C900A333F8 /* EditarContatoView.swift in Sources */ = {isa = PBXBuildFile; fileRef = 2470E9D42AC695C900A333F8 /* EditarContatoView.swift */; };
		24B21F3E2AC639A400C52A9C /* ContatoIndividualView.swift in Sources */ = {isa = PBXBuildFile; fileRef = 24B21F3D2AC639A400C52A9C /* ContatoIndividualView.swift */; };
		24B84BB62AC0BDB2007FDF81 /* ProjetoAgendaGoncaloApp.swift in Sources */ = {isa = PBXBuildFile; fileRef = 24B84BB52AC0BDB2007FDF81 /* ProjetoAgendaGoncaloApp.swift */; };
		24B84BB82AC0BDB2007FDF81 /* CriarContatoView.swift in Sources */ = {isa = PBXBuildFile; fileRef = 24B84BB72AC0BDB2007FDF81 /* CriarContatoView.swift */; };
		24B84BBA2AC0BDB4007FDF81 /* Assets.xcassets in Resources */ = {isa = PBXBuildFile; fileRef = 24B84BB92AC0BDB4007FDF81 /* Assets.xcassets */; };
		24B84BBD2AC0BDB4007FDF81 /* Preview Assets.xcassets in Resources */ = {isa = PBXBuildFile; fileRef = 24B84BBC2AC0BDB4007FDF81 /* Preview Assets.xcassets */; };
		24B84BC72AC0BDB4007FDF81 /* ProjetoAgendaGoncaloTests.swift in Sources */ = {isa = PBXBuildFile; fileRef = 24B84BC62AC0BDB4007FDF81 /* ProjetoAgendaGoncaloTests.swift */; };
		24B84BD12AC0BDB4007FDF81 /* ProjetoAgendaGoncaloUITests.swift in Sources */ = {isa = PBXBuildFile; fileRef = 24B84BD02AC0BDB4007FDF81 /* ProjetoAgendaGoncaloUITests.swift */; };
		24B84BD32AC0BDB4007FDF81 /* ProjetoAgendaGoncaloUITestsLaunchTests.swift in Sources */ = {isa = PBXBuildFile; fileRef = 24B84BD22AC0BDB4007FDF81 /* ProjetoAgendaGoncaloUITestsLaunchTests.swift */; };
		24F9721D2AC62DB4008A8A4D /* ListaDeContatosView.swift in Sources */ = {isa = PBXBuildFile; fileRef = 24F9721C2AC62DB4008A8A4D /* ListaDeContatosView.swift */; };
/* End PBXBuildFile section */

/* Begin PBXContainerItemProxy section */
		24B84BC32AC0BDB4007FDF81 /* PBXContainerItemProxy */ = {
			isa = PBXContainerItemProxy;
			containerPortal = 24B84BAA2AC0BDB2007FDF81 /* Project object */;
			proxyType = 1;
			remoteGlobalIDString = 24B84BB12AC0BDB2007FDF81;
			remoteInfo = ProjetoAgendaGoncalo;
		};
		24B84BCD2AC0BDB4007FDF81 /* PBXContainerItemProxy */ = {
			isa = PBXContainerItemProxy;
			containerPortal = 24B84BAA2AC0BDB2007FDF81 /* Project object */;
			proxyType = 1;
			remoteGlobalIDString = 24B84BB12AC0BDB2007FDF81;
			remoteInfo = ProjetoAgendaGoncalo;
		};
/* End PBXContainerItemProxy section */

/* Begin PBXFileReference section */
		2421B46C2AC3402500EA121A /* api.swift */ = {isa = PBXFileReference; lastKnownFileType = sourcecode.swift; path = api.swift; sourceTree = "<group>"; };
		2421B46E2AC3435E00EA121A /* ViewModel.swift */ = {isa = PBXFileReference; lastKnownFileType = sourcecode.swift; path = ViewModel.swift; sourceTree = "<group>"; };
		2470E9D42AC695C900A333F8 /* EditarContatoView.swift */ = {isa = PBXFileReference; lastKnownFileType = sourcecode.swift; path = EditarContatoView.swift; sourceTree = "<group>"; };
		24B21F3D2AC639A400C52A9C /* ContatoIndividualView.swift */ = {isa = PBXFileReference; lastKnownFileType = sourcecode.swift; path = ContatoIndividualView.swift; sourceTree = "<group>"; };
		24B84BB22AC0BDB2007FDF81 /* ProjetoAgendaGoncalo.app */ = {isa = PBXFileReference; explicitFileType = wrapper.application; includeInIndex = 0; path = ProjetoAgendaGoncalo.app; sourceTree = BUILT_PRODUCTS_DIR; };
		24B84BB52AC0BDB2007FDF81 /* ProjetoAgendaGoncaloApp.swift */ = {isa = PBXFileReference; lastKnownFileType = sourcecode.swift; path = ProjetoAgendaGoncaloApp.swift; sourceTree = "<group>"; };
		24B84BB72AC0BDB2007FDF81 /* CriarContatoView.swift */ = {isa = PBXFileReference; lastKnownFileType = sourcecode.swift; path = CriarContatoView.swift; sourceTree = "<group>"; };
		24B84BB92AC0BDB4007FDF81 /* Assets.xcassets */ = {isa = PBXFileReference; lastKnownFileType = folder.assetcatalog; path = Assets.xcassets; sourceTree = "<group>"; };
		24B84BBC2AC0BDB4007FDF81 /* Preview Assets.xcassets */ = {isa = PBXFileReference; lastKnownFileType = folder.assetcatalog; path = "Preview Assets.xcassets"; sourceTree = "<group>"; };
		24B84BC22AC0BDB4007FDF81 /* ProjetoAgendaGoncaloTests.xctest */ = {isa = PBXFileReference; explicitFileType = wrapper.cfbundle; includeInIndex = 0; path = ProjetoAgendaGoncaloTests.xctest; sourceTree = BUILT_PRODUCTS_DIR; };
		24B84BC62AC0BDB4007FDF81 /* ProjetoAgendaGoncaloTests.swift */ = {isa = PBXFileReference; lastKnownFileType = sourcecode.swift; path = ProjetoAgendaGoncaloTests.swift; sourceTree = "<group>"; };
		24B84BCC2AC0BDB4007FDF81 /* ProjetoAgendaGoncaloUITests.xctest */ = {isa = PBXFileReference; explicitFileType = wrapper.cfbundle; includeInIndex = 0; path = ProjetoAgendaGoncaloUITests.xctest; sourceTree = BUILT_PRODUCTS_DIR; };
		24B84BD02AC0BDB4007FDF81 /* ProjetoAgendaGoncaloUITests.swift */ = {isa = PBXFileReference; lastKnownFileType = sourcecode.swift; path = ProjetoAgendaGoncaloUITests.swift; sourceTree = "<group>"; };
		24B84BD22AC0BDB4007FDF81 /* ProjetoAgendaGoncaloUITestsLaunchTests.swift */ = {isa = PBXFileReference; lastKnownFileType = sourcecode.swift; path = ProjetoAgendaGoncaloUITestsLaunchTests.swift; sourceTree = "<group>"; };
		24F9721C2AC62DB4008A8A4D /* ListaDeContatosView.swift */ = {isa = PBXFileReference; lastKnownFileType = sourcecode.swift; path = ListaDeContatosView.swift; sourceTree = "<group>"; };
/* End PBXFileReference section */

/* Begin PBXFrameworksBuildPhase section */
		24B84BAF2AC0BDB2007FDF81 /* Frameworks */ = {
			isa = PBXFrameworksBuildPhase;
			buildActionMask = 2147483647;
			files = (
			);
			runOnlyForDeploymentPostprocessing = 0;
		};
		24B84BBF2AC0BDB4007FDF81 /* Frameworks */ = {
			isa = PBXFrameworksBuildPhase;
			buildActionMask = 2147483647;
			files = (
			);
			runOnlyForDeploymentPostprocessing = 0;
		};
		24B84BC92AC0BDB4007FDF81 /* Frameworks */ = {
			isa = PBXFrameworksBuildPhase;
			buildActionMask = 2147483647;
			files = (
			);
			runOnlyForDeploymentPostprocessing = 0;
		};
/* End PBXFrameworksBuildPhase section */

/* Begin PBXGroup section */
		24B84BA92AC0BDB2007FDF81 = {
			isa = PBXGroup;
			children = (
				24B84BB42AC0BDB2007FDF81 /* ProjetoAgendaGoncalo */,
				24B84BC52AC0BDB4007FDF81 /* ProjetoAgendaGoncaloTests */,
				24B84BCF2AC0BDB4007FDF81 /* ProjetoAgendaGoncaloUITests */,
				24B84BB32AC0BDB2007FDF81 /* Products */,
			);
			sourceTree = "<group>";
		};
		24B84BB32AC0BDB2007FDF81 /* Products */ = {
			isa = PBXGroup;
			children = (
				24B84BB22AC0BDB2007FDF81 /* ProjetoAgendaGoncalo.app */,
				24B84BC22AC0BDB4007FDF81 /* ProjetoAgendaGoncaloTests.xctest */,
				24B84BCC2AC0BDB4007FDF81 /* ProjetoAgendaGoncaloUITests.xctest */,
			);
			name = Products;
			sourceTree = "<group>";
		};
		24B84BB42AC0BDB2007FDF81 /* ProjetoAgendaGoncalo */ = {
			isa = PBXGroup;
			children = (
				24B84BB52AC0BDB2007FDF81 /* ProjetoAgendaGoncaloApp.swift */,
				24F9721C2AC62DB4008A8A4D /* ListaDeContatosView.swift */,
				24B21F3D2AC639A400C52A9C /* ContatoIndividualView.swift */,
				24B84BB72AC0BDB2007FDF81 /* CriarContatoView.swift */,
				24B84BB92AC0BDB4007FDF81 /* Assets.xcassets */,
				24B84BBB2AC0BDB4007FDF81 /* Preview Content */,
				2421B46C2AC3402500EA121A /* api.swift */,
				2421B46E2AC3435E00EA121A /* ViewModel.swift */,
				2470E9D42AC695C900A333F8 /* EditarContatoView.swift */,
			);
			path = ProjetoAgendaGoncalo;
			sourceTree = "<group>";
		};
		24B84BBB2AC0BDB4007FDF81 /* Preview Content */ = {
			isa = PBXGroup;
			children = (
				24B84BBC2AC0BDB4007FDF81 /* Preview Assets.xcassets */,
			);
			path = "Preview Content";
			sourceTree = "<group>";
		};
		24B84BC52AC0BDB4007FDF81 /* ProjetoAgendaGoncaloTests */ = {
			isa = PBXGroup;
			children = (
				24B84BC62AC0BDB4007FDF81 /* ProjetoAgendaGoncaloTests.swift */,
			);
			path = ProjetoAgendaGoncaloTests;
			sourceTree = "<group>";
		};
		24B84BCF2AC0BDB4007FDF81 /* ProjetoAgendaGoncaloUITests */ = {
			isa = PBXGroup;
			children = (
				24B84BD02AC0BDB4007FDF81 /* ProjetoAgendaGoncaloUITests.swift */,
				24B84BD22AC0BDB4007FDF81 /* ProjetoAgendaGoncaloUITestsLaunchTests.swift */,
			);
			path = ProjetoAgendaGoncaloUITests;
			sourceTree = "<group>";
		};
/* End PBXGroup section */

/* Begin PBXNativeTarget section */
		24B84BB12AC0BDB2007FDF81 /* ProjetoAgendaGoncalo */ = {
			isa = PBXNativeTarget;
			buildConfigurationList = 24B84BD62AC0BDB4007FDF81 /* Build configuration list for PBXNativeTarget "ProjetoAgendaGoncalo" */;
			buildPhases = (
				24B84BAE2AC0BDB2007FDF81 /* Sources */,
				24B84BAF2AC0BDB2007FDF81 /* Frameworks */,
				24B84BB02AC0BDB2007FDF81 /* Resources */,
			);
			buildRules = (
			);
			dependencies = (
			);
			name = ProjetoAgendaGoncalo;
			productName = ProjetoAgendaGoncalo;
			productReference = 24B84BB22AC0BDB2007FDF81 /* ProjetoAgendaGoncalo.app */;
			productType = "com.apple.product-type.application";
		};
		24B84BC12AC0BDB4007FDF81 /* ProjetoAgendaGoncaloTests */ = {
			isa = PBXNativeTarget;
			buildConfigurationList = 24B84BD92AC0BDB4007FDF81 /* Build configuration list for PBXNativeTarget "ProjetoAgendaGoncaloTests" */;
			buildPhases = (
				24B84BBE2AC0BDB4007FDF81 /* Sources */,
				24B84BBF2AC0BDB4007FDF81 /* Frameworks */,
				24B84BC02AC0BDB4007FDF81 /* Resources */,
			);
			buildRules = (
			);
			dependencies = (
				24B84BC42AC0BDB4007FDF81 /* PBXTargetDependency */,
			);
			name = ProjetoAgendaGoncaloTests;
			productName = ProjetoAgendaGoncaloTests;
			productReference = 24B84BC22AC0BDB4007FDF81 /* ProjetoAgendaGoncaloTests.xctest */;
			productType = "com.apple.product-type.bundle.unit-test";
		};
		24B84BCB2AC0BDB4007FDF81 /* ProjetoAgendaGoncaloUITests */ = {
			isa = PBXNativeTarget;
			buildConfigurationList = 24B84BDC2AC0BDB4007FDF81 /* Build configuration list for PBXNativeTarget "ProjetoAgendaGoncaloUITests" */;
			buildPhases = (
				24B84BC82AC0BDB4007FDF81 /* Sources */,
				24B84BC92AC0BDB4007FDF81 /* Frameworks */,
				24B84BCA2AC0BDB4007FDF81 /* Resources */,
			);
			buildRules = (
			);
			dependencies = (
				24B84BCE2AC0BDB4007FDF81 /* PBXTargetDependency */,
			);
			name = ProjetoAgendaGoncaloUITests;
			productName = ProjetoAgendaGoncaloUITests;
			productReference = 24B84BCC2AC0BDB4007FDF81 /* ProjetoAgendaGoncaloUITests.xctest */;
			productType = "com.apple.product-type.bundle.ui-testing";
		};
/* End PBXNativeTarget section */

/* Begin PBXProject section */
		24B84BAA2AC0BDB2007FDF81 /* Project object */ = {
			isa = PBXProject;
			attributes = {
				BuildIndependentTargetsInParallel = 1;
				LastSwiftUpdateCheck = 1500;
				LastUpgradeCheck = 1500;
				TargetAttributes = {
					24B84BB12AC0BDB2007FDF81 = {
						CreatedOnToolsVersion = 15.0;
					};
					24B84BC12AC0BDB4007FDF81 = {
						CreatedOnToolsVersion = 15.0;
						TestTargetID = 24B84BB12AC0BDB2007FDF81;
					};
					24B84BCB2AC0BDB4007FDF81 = {
						CreatedOnToolsVersion = 15.0;
						TestTargetID = 24B84BB12AC0BDB2007FDF81;
					};
				};
			};
			buildConfigurationList = 24B84BAD2AC0BDB2007FDF81 /* Build configuration list for PBXProject "ProjetoAgendaGoncalo" */;
			compatibilityVersion = "Xcode 14.0";
			developmentRegion = en;
			hasScannedForEncodings = 0;
			knownRegions = (
				en,
				Base,
			);
			mainGroup = 24B84BA92AC0BDB2007FDF81;
			productRefGroup = 24B84BB32AC0BDB2007FDF81 /* Products */;
			projectDirPath = "";
			projectRoot = "";
			targets = (
				24B84BB12AC0BDB2007FDF81 /* ProjetoAgendaGoncalo */,
				24B84BC12AC0BDB4007FDF81 /* ProjetoAgendaGoncaloTests */,
				24B84BCB2AC0BDB4007FDF81 /* ProjetoAgendaGoncaloUITests */,
			);
		};
/* End PBXProject section */

/* Begin PBXResourcesBuildPhase section */
		24B84BB02AC0BDB2007FDF81 /* Resources */ = {
			isa = PBXResourcesBuildPhase;
			buildActionMask = 2147483647;
			files = (
				24B84BBD2AC0BDB4007FDF81 /* Preview Assets.xcassets in Resources */,
				24B84BBA2AC0BDB4007FDF81 /* Assets.xcassets in Resources */,
			);
			runOnlyForDeploymentPostprocessing = 0;
		};
		24B84BC02AC0BDB4007FDF81 /* Resources */ = {
			isa = PBXResourcesBuildPhase;
			buildActionMask = 2147483647;
			files = (
			);
			runOnlyForDeploymentPostprocessing = 0;
		};
		24B84BCA2AC0BDB4007FDF81 /* Resources */ = {
			isa = PBXResourcesBuildPhase;
			buildActionMask = 2147483647;
			files = (
			);
			runOnlyForDeploymentPostprocessing = 0;
		};
/* End PBXResourcesBuildPhase section */

/* Begin PBXSourcesBuildPhase section */
		24B84BAE2AC0BDB2007FDF81 /* Sources */ = {
			isa = PBXSourcesBuildPhase;
			buildActionMask = 2147483647;
			files = (
				2470E9D52AC695C900A333F8 /* EditarContatoView.swift in Sources */,
				24B84BB82AC0BDB2007FDF81 /* CriarContatoView.swift in Sources */,
				2421B46D2AC3402500EA121A /* api.swift in Sources */,
				2421B46F2AC3435E00EA121A /* ViewModel.swift in Sources */,
				24B21F3E2AC639A400C52A9C /* ContatoIndividualView.swift in Sources */,
				24F9721D2AC62DB4008A8A4D /* ListaDeContatosView.swift in Sources */,
				24B84BB62AC0BDB2007FDF81 /* ProjetoAgendaGoncaloApp.swift in Sources */,
			);
			runOnlyForDeploymentPostprocessing = 0;
		};
		24B84BBE2AC0BDB4007FDF81 /* Sources */ = {
			isa = PBXSourcesBuildPhase;
			buildActionMask = 2147483647;
			files = (
				24B84BC72AC0BDB4007FDF81 /* ProjetoAgendaGoncaloTests.swift in Sources */,
			);
			runOnlyForDeploymentPostprocessing = 0;
		};
		24B84BC82AC0BDB4007FDF81 /* Sources */ = {
			isa = PBXSourcesBuildPhase;
			buildActionMask = 2147483647;
			files = (
				24B84BD32AC0BDB4007FDF81 /* ProjetoAgendaGoncaloUITestsLaunchTests.swift in Sources */,
				24B84BD12AC0BDB4007FDF81 /* ProjetoAgendaGoncaloUITests.swift in Sources */,
			);
			runOnlyForDeploymentPostprocessing = 0;
		};
/* End PBXSourcesBuildPhase section */

/* Begin PBXTargetDependency section */
		24B84BC42AC0BDB4007FDF81 /* PBXTargetDependency */ = {
			isa = PBXTargetDependency;
			target = 24B84BB12AC0BDB2007FDF81 /* ProjetoAgendaGoncalo */;
			targetProxy = 24B84BC32AC0BDB4007FDF81 /* PBXContainerItemProxy */;
		};
		24B84BCE2AC0BDB4007FDF81 /* PBXTargetDependency */ = {
			isa = PBXTargetDependency;
			target = 24B84BB12AC0BDB2007FDF81 /* ProjetoAgendaGoncalo */;
			targetProxy = 24B84BCD2AC0BDB4007FDF81 /* PBXContainerItemProxy */;
		};
/* End PBXTargetDependency section */

/* Begin XCBuildConfiguration section */
		24B84BD42AC0BDB4007FDF81 /* Debug */ = {
			isa = XCBuildConfiguration;
			buildSettings = {
				ALWAYS_SEARCH_USER_PATHS = NO;
				ASSETCATALOG_COMPILER_GENERATE_SWIFT_ASSET_SYMBOL_EXTENSIONS = YES;
				CLANG_ANALYZER_NONNULL = YES;
				CLANG_ANALYZER_NUMBER_OBJECT_CONVERSION = YES_AGGRESSIVE;
				CLANG_CXX_LANGUAGE_STANDARD = "gnu++20";
				CLANG_ENABLE_MODULES = YES;
				CLANG_ENABLE_OBJC_ARC = YES;
				CLANG_ENABLE_OBJC_WEAK = YES;
				CLANG_WARN_BLOCK_CAPTURE_AUTORELEASING = YES;
				CLANG_WARN_BOOL_CONVERSION = YES;
				CLANG_WARN_COMMA = YES;
				CLANG_WARN_CONSTANT_CONVERSION = YES;
				CLANG_WARN_DEPRECATED_OBJC_IMPLEMENTATIONS = YES;
				CLANG_WARN_DIRECT_OBJC_ISA_USAGE = YES_ERROR;
				CLANG_WARN_DOCUMENTATION_COMMENTS = YES;
				CLANG_WARN_EMPTY_BODY = YES;
				CLANG_WARN_ENUM_CONVERSION = YES;
				CLANG_WARN_INFINITE_RECURSION = YES;
				CLANG_WARN_INT_CONVERSION = YES;
				CLANG_WARN_NON_LITERAL_NULL_CONVERSION = YES;
				CLANG_WARN_OBJC_IMPLICIT_RETAIN_SELF = YES;
				CLANG_WARN_OBJC_LITERAL_CONVERSION = YES;
				CLANG_WARN_OBJC_ROOT_CLASS = YES_ERROR;
				CLANG_WARN_QUOTED_INCLUDE_IN_FRAMEWORK_HEADER = YES;
				CLANG_WARN_RANGE_LOOP_ANALYSIS = YES;
				CLANG_WARN_STRICT_PROTOTYPES = YES;
				CLANG_WARN_SUSPICIOUS_MOVE = YES;
				CLANG_WARN_UNGUARDED_AVAILABILITY = YES_AGGRESSIVE;
				CLANG_WARN_UNREACHABLE_CODE = YES;
				CLANG_WARN__DUPLICATE_METHOD_MATCH = YES;
				COPY_PHASE_STRIP = NO;
				DEBUG_INFORMATION_FORMAT = dwarf;
				ENABLE_STRICT_OBJC_MSGSEND = YES;
				ENABLE_TESTABILITY = YES;
				ENABLE_USER_SCRIPT_SANDBOXING = YES;
				GCC_C_LANGUAGE_STANDARD = gnu17;
				GCC_DYNAMIC_NO_PIC = NO;
				GCC_NO_COMMON_BLOCKS = YES;
				GCC_OPTIMIZATION_LEVEL = 0;
				GCC_PREPROCESSOR_DEFINITIONS = (
					"DEBUG=1",
					"$(inherited)",
				);
				GCC_WARN_64_TO_32_BIT_CONVERSION = YES;
				GCC_WARN_ABOUT_RETURN_TYPE = YES_ERROR;
				GCC_WARN_UNDECLARED_SELECTOR = YES;
				GCC_WARN_UNINITIALIZED_AUTOS = YES_AGGRESSIVE;
				GCC_WARN_UNUSED_FUNCTION = YES;
				GCC_WARN_UNUSED_VARIABLE = YES;
				IPHONEOS_DEPLOYMENT_TARGET = 17.0;
				LOCALIZATION_PREFERS_STRING_CATALOGS = YES;
				MTL_ENABLE_DEBUG_INFO = INCLUDE_SOURCE;
				MTL_FAST_MATH = YES;
				ONLY_ACTIVE_ARCH = YES;
				SDKROOT = iphoneos;
				SWIFT_ACTIVE_COMPILATION_CONDITIONS = "DEBUG $(inherited)";
				SWIFT_OPTIMIZATION_LEVEL = "-Onone";
			};
			name = Debug;
		};
		24B84BD52AC0BDB4007FDF81 /* Release */ = {
			isa = XCBuildConfiguration;
			buildSettings = {
				ALWAYS_SEARCH_USER_PATHS = NO;
				ASSETCATALOG_COMPILER_GENERATE_SWIFT_ASSET_SYMBOL_EXTENSIONS = YES;
				CLANG_ANALYZER_NONNULL = YES;
				CLANG_ANALYZER_NUMBER_OBJECT_CONVERSION = YES_AGGRESSIVE;
				CLANG_CXX_LANGUAGE_STANDARD = "gnu++20";
				CLANG_ENABLE_MODULES = YES;
				CLANG_ENABLE_OBJC_ARC = YES;
				CLANG_ENABLE_OBJC_WEAK = YES;
				CLANG_WARN_BLOCK_CAPTURE_AUTORELEASING = YES;
				CLANG_WARN_BOOL_CONVERSION = YES;
				CLANG_WARN_COMMA = YES;
				CLANG_WARN_CONSTANT_CONVERSION = YES;
				CLANG_WARN_DEPRECATED_OBJC_IMPLEMENTATIONS = YES;
				CLANG_WARN_DIRECT_OBJC_ISA_USAGE = YES_ERROR;
				CLANG_WARN_DOCUMENTATION_COMMENTS = YES;
				CLANG_WARN_EMPTY_BODY = YES;
				CLANG_WARN_ENUM_CONVERSION = YES;
				CLANG_WARN_INFINITE_RECURSION = YES;
				CLANG_WARN_INT_CONVERSION = YES;
				CLANG_WARN_NON_LITERAL_NULL_CONVERSION = YES;
				CLANG_WARN_OBJC_IMPLICIT_RETAIN_SELF = YES;
				CLANG_WARN_OBJC_LITERAL_CONVERSION = YES;
				CLANG_WARN_OBJC_ROOT_CLASS = YES_ERROR;
				CLANG_WARN_QUOTED_INCLUDE_IN_FRAMEWORK_HEADER = YES;
				CLANG_WARN_RANGE_LOOP_ANALYSIS = YES;
				CLANG_WARN_STRICT_PROTOTYPES = YES;
				CLANG_WARN_SUSPICIOUS_MOVE = YES;
				CLANG_WARN_UNGUARDED_AVAILABILITY = YES_AGGRESSIVE;
				CLANG_WARN_UNREACHABLE_CODE = YES;
				CLANG_WARN__DUPLICATE_METHOD_MATCH = YES;
				COPY_PHASE_STRIP = NO;
				DEBUG_INFORMATION_FORMAT = "dwarf-with-dsym";
				ENABLE_NS_ASSERTIONS = NO;
				ENABLE_STRICT_OBJC_MSGSEND = YES;
				ENABLE_USER_SCRIPT_SANDBOXING = YES;
				GCC_C_LANGUAGE_STANDARD = gnu17;
				GCC_NO_COMMON_BLOCKS = YES;
				GCC_WARN_64_TO_32_BIT_CONVERSION = YES;
				GCC_WARN_ABOUT_RETURN_TYPE = YES_ERROR;
				GCC_WARN_UNDECLARED_SELECTOR = YES;
				GCC_WARN_UNINITIALIZED_AUTOS = YES_AGGRESSIVE;
				GCC_WARN_UNUSED_FUNCTION = YES;
				GCC_WARN_UNUSED_VARIABLE = YES;
				IPHONEOS_DEPLOYMENT_TARGET = 17.0;
				LOCALIZATION_PREFERS_STRING_CATALOGS = YES;
				MTL_ENABLE_DEBUG_INFO = NO;
				MTL_FAST_MATH = YES;
				SDKROOT = iphoneos;
				SWIFT_COMPILATION_MODE = wholemodule;
				VALIDATE_PRODUCT = YES;
			};
			name = Release;
		};
		24B84BD72AC0BDB4007FDF81 /* Debug */ = {
			isa = XCBuildConfiguration;
			buildSettings = {
				ASSETCATALOG_COMPILER_APPICON_NAME = AppIcon;
				ASSETCATALOG_COMPILER_GLOBAL_ACCENT_COLOR_NAME = AccentColor;
				CODE_SIGN_STYLE = Automatic;
				CURRENT_PROJECT_VERSION = 1;
				DEVELOPMENT_ASSET_PATHS = "\"ProjetoAgendaGoncalo/Preview Content\"";
				DEVELOPMENT_TEAM = Y8FFFNZW59;
				ENABLE_PREVIEWS = YES;
				GENERATE_INFOPLIST_FILE = YES;
				INFOPLIST_KEY_UIApplicationSceneManifest_Generation = YES;
				INFOPLIST_KEY_UIApplicationSupportsIndirectInputEvents = YES;
				INFOPLIST_KEY_UILaunchScreen_Generation = YES;
				INFOPLIST_KEY_UISupportedInterfaceOrientations_iPad = "UIInterfaceOrientationPortrait UIInterfaceOrientationPortraitUpsideDown UIInterfaceOrientationLandscapeLeft UIInterfaceOrientationLandscapeRight";
				INFOPLIST_KEY_UISupportedInterfaceOrientations_iPhone = "UIInterfaceOrientationPortrait UIInterfaceOrientationLandscapeLeft UIInterfaceOrientationLandscapeRight";
				LD_RUNPATH_SEARCH_PATHS = (
					"$(inherited)",
					"@executable_path/Frameworks",
				);
				MARKETING_VERSION = 1.0;
				PRODUCT_BUNDLE_IDENTIFIER = atec.pt.ProjetoAgendaGoncalo;
				PRODUCT_NAME = "$(TARGET_NAME)";
				SWIFT_EMIT_LOC_STRINGS = YES;
				SWIFT_VERSION = 5.0;
				TARGETED_DEVICE_FAMILY = "1,2";
			};
			name = Debug;
		};
		24B84BD82AC0BDB4007FDF81 /* Release */ = {
			isa = XCBuildConfiguration;
			buildSettings = {
				ASSETCATALOG_COMPILER_APPICON_NAME = AppIcon;
				ASSETCATALOG_COMPILER_GLOBAL_ACCENT_COLOR_NAME = AccentColor;
				CODE_SIGN_STYLE = Automatic;
				CURRENT_PROJECT_VERSION = 1;
				DEVELOPMENT_ASSET_PATHS = "\"ProjetoAgendaGoncalo/Preview Content\"";
				DEVELOPMENT_TEAM = Y8FFFNZW59;
				ENABLE_PREVIEWS = YES;
				GENERATE_INFOPLIST_FILE = YES;
				INFOPLIST_KEY_UIApplicationSceneManifest_Generation = YES;
				INFOPLIST_KEY_UIApplicationSupportsIndirectInputEvents = YES;
				INFOPLIST_KEY_UILaunchScreen_Generation = YES;
				INFOPLIST_KEY_UISupportedInterfaceOrientations_iPad = "UIInterfaceOrientationPortrait UIInterfaceOrientationPortraitUpsideDown UIInterfaceOrientationLandscapeLeft UIInterfaceOrientationLandscapeRight";
				INFOPLIST_KEY_UISupportedInterfaceOrientations_iPhone = "UIInterfaceOrientationPortrait UIInterfaceOrientationLandscapeLeft UIInterfaceOrientationLandscapeRight";
				LD_RUNPATH_SEARCH_PATHS = (
					"$(inherited)",
					"@executable_path/Frameworks",
				);
				MARKETING_VERSION = 1.0;
				PRODUCT_BUNDLE_IDENTIFIER = atec.pt.ProjetoAgendaGoncalo;
				PRODUCT_NAME = "$(TARGET_NAME)";
				SWIFT_EMIT_LOC_STRINGS = YES;
				SWIFT_VERSION = 5.0;
				TARGETED_DEVICE_FAMILY = "1,2";
			};
			name = Release;
		};
		24B84BDA2AC0BDB4007FDF81 /* Debug */ = {
			isa = XCBuildConfiguration;
			buildSettings = {
				ALWAYS_EMBED_SWIFT_STANDARD_LIBRARIES = YES;
				BUNDLE_LOADER = "$(TEST_HOST)";
				CODE_SIGN_STYLE = Automatic;
				CURRENT_PROJECT_VERSION = 1;
				DEVELOPMENT_TEAM = Y8FFFNZW59;
				GENERATE_INFOPLIST_FILE = YES;
				IPHONEOS_DEPLOYMENT_TARGET = 17.0;
				MARKETING_VERSION = 1.0;
				PRODUCT_BUNDLE_IDENTIFIER = atec.pt.ProjetoAgendaGoncaloTests;
				PRODUCT_NAME = "$(TARGET_NAME)";
				SWIFT_EMIT_LOC_STRINGS = NO;
				SWIFT_VERSION = 5.0;
				TARGETED_DEVICE_FAMILY = "1,2";
				TEST_HOST = "$(BUILT_PRODUCTS_DIR)/ProjetoAgendaGoncalo.app/$(BUNDLE_EXECUTABLE_FOLDER_PATH)/ProjetoAgendaGoncalo";
			};
			name = Debug;
		};
		24B84BDB2AC0BDB4007FDF81 /* Release */ = {
			isa = XCBuildConfiguration;
			buildSettings = {
				ALWAYS_EMBED_SWIFT_STANDARD_LIBRARIES = YES;
				BUNDLE_LOADER = "$(TEST_HOST)";
				CODE_SIGN_STYLE = Automatic;
				CURRENT_PROJECT_VERSION = 1;
				DEVELOPMENT_TEAM = Y8FFFNZW59;
				GENERATE_INFOPLIST_FILE = YES;
				IPHONEOS_DEPLOYMENT_TARGET = 17.0;
				MARKETING_VERSION = 1.0;
				PRODUCT_BUNDLE_IDENTIFIER = atec.pt.ProjetoAgendaGoncaloTests;
				PRODUCT_NAME = "$(TARGET_NAME)";
				SWIFT_EMIT_LOC_STRINGS = NO;
				SWIFT_VERSION = 5.0;
				TARGETED_DEVICE_FAMILY = "1,2";
				TEST_HOST = "$(BUILT_PRODUCTS_DIR)/ProjetoAgendaGoncalo.app/$(BUNDLE_EXECUTABLE_FOLDER_PATH)/ProjetoAgendaGoncalo";
			};
			name = Release;
		};
		24B84BDD2AC0BDB4007FDF81 /* Debug */ = {
			isa = XCBuildConfiguration;
			buildSettings = {
				ALWAYS_EMBED_SWIFT_STANDARD_LIBRARIES = YES;
				"CODE_SIGN_IDENTITY[sdk=macosx*]" = "Apple Development";
				CODE_SIGN_STYLE = Automatic;
				CURRENT_PROJECT_VERSION = 1;
				DEVELOPMENT_TEAM = Y8FFFNZW59;
				GENERATE_INFOPLIST_FILE = YES;
				MARKETING_VERSION = 1.0;
				PRODUCT_BUNDLE_IDENTIFIER = atec.pt.ProjetoAgendaGoncaloUITests;
				PRODUCT_NAME = "$(TARGET_NAME)";
				SWIFT_EMIT_LOC_STRINGS = NO;
				SWIFT_VERSION = 5.0;
				TARGETED_DEVICE_FAMILY = "1,2";
				TEST_TARGET_NAME = ProjetoAgendaGoncalo;
			};
			name = Debug;
		};
		24B84BDE2AC0BDB4007FDF81 /* Release */ = {
			isa = XCBuildConfiguration;
			buildSettings = {
				ALWAYS_EMBED_SWIFT_STANDARD_LIBRARIES = YES;
				"CODE_SIGN_IDENTITY[sdk=macosx*]" = "Apple Development";
				CODE_SIGN_STYLE = Automatic;
				CURRENT_PROJECT_VERSION = 1;
				DEVELOPMENT_TEAM = Y8FFFNZW59;
				GENERATE_INFOPLIST_FILE = YES;
				MARKETING_VERSION = 1.0;
				PRODUCT_BUNDLE_IDENTIFIER = atec.pt.ProjetoAgendaGoncaloUITests;
				PRODUCT_NAME = "$(TARGET_NAME)";
				SWIFT_EMIT_LOC_STRINGS = NO;
				SWIFT_VERSION = 5.0;
				TARGETED_DEVICE_FAMILY = "1,2";
				TEST_TARGET_NAME = ProjetoAgendaGoncalo;
			};
			name = Release;
		};
/* End XCBuildConfiguration section */

/* Begin XCConfigurationList section */
		24B84BAD2AC0BDB2007FDF81 /* Build configuration list for PBXProject "ProjetoAgendaGoncalo" */ = {
			isa = XCConfigurationList;
			buildConfigurations = (
				24B84BD42AC0BDB4007FDF81 /* Debug */,
				24B84BD52AC0BDB4007FDF81 /* Release */,
			);
			defaultConfigurationIsVisible = 0;
			defaultConfigurationName = Release;
		};
		24B84BD62AC0BDB4007FDF81 /* Build configuration list for PBXNativeTarget "ProjetoAgendaGoncalo" */ = {
			isa = XCConfigurationList;
			buildConfigurations = (
				24B84BD72AC0BDB4007FDF81 /* Debug */,
				24B84BD82AC0BDB4007FDF81 /* Release */,
			);
			defaultConfigurationIsVisible = 0;
			defaultConfigurationName = Release;
		};
		24B84BD92AC0BDB4007FDF81 /* Build configuration list for PBXNativeTarget "ProjetoAgendaGoncaloTests" */ = {
			isa = XCConfigurationList;
			buildConfigurations = (
				24B84BDA2AC0BDB4007FDF81 /* Debug */,
				24B84BDB2AC0BDB4007FDF81 /* Release */,
			);
			defaultConfigurationIsVisible = 0;
			defaultConfigurationName = Release;
		};
		24B84BDC2AC0BDB4007FDF81 /* Build configuration list for PBXNativeTarget "ProjetoAgendaGoncaloUITests" */ = {
			isa = XCConfigurationList;
			buildConfigurations = (
				24B84BDD2AC0BDB4007FDF81 /* Debug */,
				24B84BDE2AC0BDB4007FDF81 /* Release */,
			);
			defaultConfigurationIsVisible = 0;
			defaultConfigurationName = Release;
		};
/* End XCConfigurationList section */
	};
	rootObject = 24B84BAA2AC0BDB2007FDF81 /* Project object */;
}
